
Microsoft Visual Studio Solution File, Format Version 12.00
# Visual Studio Version 17
VisualStudioVersion = 17.11.35327.3
MinimumVisualStudioVersion = 10.0.40219.1
Project("{FAE04EC0-301F-11D3-BF4B-00C04F79EFBC}") = "BLGuga", "BLGuga\BLGuga.csproj", "{CE238703-0342-4DD8-96F4-758BA0C91DB5}"
EndProject
Global
	GlobalSection(SolutionConfigurationPlatforms) = preSolution
		Debug|Any CPU = Debug|Any CPU
		Release|Any CPU = Release|Any CPU
	EndGlobalSection
	GlobalSection(ProjectConfigurationPlatforms) = postSolution
		{CE238703-0342-4DD8-96F4-758BA0C91DB5}.Debug|Any CPU.ActiveCfg = Debug|Any CPU
		{CE238703-0342-4DD8-96F4-758BA0C91DB5}.Debug|Any CPU.Build.0 = Debug|Any CPU
		{CE238703-0342-4DD8-96F4-758BA0C91DB5}.Release|Any CPU.ActiveCfg = Release|Any CPU
		{CE238703-0342-4DD8-96F4-758BA0C91DB5}.Release|Any CPU.Build.0 = Release|Any CPU
	EndGlobalSection
	GlobalSection(SolutionProperties) = preSolution
		HideSolutionNode = FALSE
	EndGlobalSection
	GlobalSection(ExtensibilityGlobals) = postSolution
		SolutionGuid = {334497A2-5C74-43B1-8802-939BD6DFC054}
	EndGlobalSection
EndGlobal
